// !$*UTF8*$!
{
	archiveVersion = 1;
	classes = {
	};
	objectVersion = 48;
	objects = {

/* Begin PBXBuildFile section */
		F676AA50204E3EFB00C8A700 /* AppDelegate.swift in Sources */ = {isa = PBXBuildFile; fileRef = F676AA4F204E3EFB00C8A700 /* AppDelegate.swift */; };
		F676AA52204E3EFB00C8A700 /* ViewController.swift in Sources */ = {isa = PBXBuildFile; fileRef = F676AA51204E3EFB00C8A700 /* ViewController.swift */; };
		F676AA55204E3EFB00C8A700 /* Main.storyboard in Resources */ = {isa = PBXBuildFile; fileRef = F676AA53204E3EFB00C8A700 /* Main.storyboard */; };
		F676AA57204E3EFB00C8A700 /* Assets.xcassets in Resources */ = {isa = PBXBuildFile; fileRef = F676AA56204E3EFB00C8A700 /* Assets.xcassets */; };
		F676AA5A204E3EFB00C8A700 /* LaunchScreen.storyboard in Resources */ = {isa = PBXBuildFile; fileRef = F676AA58204E3EFB00C8A700 /* LaunchScreen.storyboard */; };
/* End PBXBuildFile section */

/* Begin PBXFileReference section */
		F676AA4C204E3EFB00C8A700 /* Ante-Up.app */ = {isa = PBXFileReference; explicitFileType = wrapper.application; includeInIndex = 0; path = "Ante-Up.app"; sourceTree = BUILT_PRODUCTS_DIR; };
		F676AA4F204E3EFB00C8A700 /* AppDelegate.swift */ = {isa = PBXFileReference; lastKnownFileType = sourcecode.swift; path = AppDelegate.swift; sourceTree = "<group>"; };
		F676AA51204E3EFB00C8A700 /* ViewController.swift */ = {isa = PBXFileReference; lastKnownFileType = sourcecode.swift; path = ViewController.swift; sourceTree = "<group>"; };
		F676AA54204E3EFB00C8A700 /* Base */ = {isa = PBXFileReference; lastKnownFileType = file.storyboard; name = Base; path = Base.lproj/Main.storyboard; sourceTree = "<group>"; };
		F676AA56204E3EFB00C8A700 /* Assets.xcassets */ = {isa = PBXFileReference; lastKnownFileType = folder.assetcatalog; path = Assets.xcassets; sourceTree = "<group>"; };
		F676AA59204E3EFB00C8A700 /* Base */ = {isa = PBXFileReference; lastKnownFileType = file.storyboard; name = Base; path = Base.lproj/LaunchScreen.storyboard; sourceTree = "<group>"; };
		F676AA5B204E3EFB00C8A700 /* Info.plist */ = {isa = PBXFileReference; lastKnownFileType = text.plist.xml; path = Info.plist; sourceTree = "<group>"; };
/* End PBXFileReference section */

/* Begin PBXFrameworksBuildPhase section */
		F676AA49204E3EFB00C8A700 /* Frameworks */ = {
			isa = PBXFrameworksBuildPhase;
			buildActionMask = 2147483647;
			files = (
			);
			runOnlyForDeploymentPostprocessing = 0;
		};
/* End PBXFrameworksBuildPhase section */

/* Begin PBXGroup section */
		F676AA43204E3EFB00C8A700 = {
			isa = PBXGroup;
			children = (
				F676AA4E204E3EFB00C8A700 /* Ante-Up */,
				F676AA4D204E3EFB00C8A700 /* Products */,
			);
			sourceTree = "<group>";
		};
		F676AA4D204E3EFB00C8A700 /* Products */ = {
			isa = PBXGroup;
			children = (
				F676AA4C204E3EFB00C8A700 /* Ante-Up.app */,
			);
			name = Products;
			sourceTree = "<group>";
		};
		F676AA4E204E3EFB00C8A700 /* Ante-Up */ = {
			isa = PBXGroup;
			children = (
				F676AA4F204E3EFB00C8A700 /* AppDelegate.swift */,
				F676AA51204E3EFB00C8A700 /* ViewController.swift */,
				F676AA53204E3EFB00C8A700 /* Main.storyboard */,
				F676AA56204E3EFB00C8A700 /* Assets.xcassets */,
				F676AA58204E3EFB00C8A700 /* LaunchScreen.storyboard */,
				F676AA5B204E3EFB00C8A700 /* Info.plist */,
			);
			path = "Ante-Up";
			sourceTree = "<group>";
		};
/* End PBXGroup section */

/* Begin PBXNativeTarget section */
		F676AA4B204E3EFB00C8A700 /* Ante-Up */ = {
			isa = PBXNativeTarget;
			buildConfigurationList = F676AA5E204E3EFB00C8A700 /* Build configuration list for PBXNativeTarget "Ante-Up" */;
			buildPhases = (
				F676AA48204E3EFB00C8A700 /* Sources */,
				F676AA49204E3EFB00C8A700 /* Frameworks */,
				F676AA4A204E3EFB00C8A700 /* Resources */,
			);
			buildRules = (
			);
			dependencies = (
			);
			name = "Ante-Up";
			productName = "Ante-Up";
			productReference = F676AA4C204E3EFB00C8A700 /* Ante-Up.app */;
			productType = "com.apple.product-type.application";
		};
/* End PBXNativeTarget section */

/* Begin PBXProject section */
		F676AA44204E3EFB00C8A700 /* Project object */ = {
			isa = PBXProject;
			attributes = {
				LastSwiftUpdateCheck = 0920;
				LastUpgradeCheck = 0920;
				ORGANIZATIONNAME = "Chris Mauldin";
				TargetAttributes = {
					F676AA4B204E3EFB00C8A700 = {
						CreatedOnToolsVersion = 9.2;
						ProvisioningStyle = Automatic;
					};
				};
			};
			buildConfigurationList = F676AA47204E3EFB00C8A700 /* Build configuration list for PBXProject "Ante-Up" */;
			compatibilityVersion = "Xcode 8.0";
			developmentRegion = en;
			hasScannedForEncodings = 0;
			knownRegions = (
				en,
				Base,
			);
			mainGroup = F676AA43204E3EFB00C8A700;
			productRefGroup = F676AA4D204E3EFB00C8A700 /* Products */;
			projectDirPath = "";
			projectRoot = "";
			targets = (
				F676AA4B204E3EFB00C8A700 /* Ante-Up */,
			);
		};
/* End PBXProject section */

/* Begin PBXResourcesBuildPhase section */
		F676AA4A204E3EFB00C8A700 /* Resources */ = {
			isa = PBXResourcesBuildPhase;
			buildActionMask = 2147483647;
			files = (
				F676AA5A204E3EFB00C8A700 /* LaunchScreen.storyboard in Resources */,
				F676AA57204E3EFB00C8A700 /* Assets.xcassets in Resources */,
				F676AA55204E3EFB00C8A700 /* Main.storyboard in Resources */,
			);
			runOnlyForDeploymentPostprocessing = 0;
		};
/* End PBXResourcesBuildPhase section */

/* Begin PBXSourcesBuildPhase section */
		F676AA48204E3EFB00C8A700 /* Sources */ = {
			isa = PBXSourcesBuildPhase;
			buildActionMask = 2147483647;
			files = (
				F676AA52204E3EFB00C8A700 /* ViewController.swift in Sources */,
				F676AA50204E3EFB00C8A700 /* AppDelegate.swift in Sources */,
			);
			runOnlyForDeploymentPostprocessing = 0;
		};
/* End PBXSourcesBuildPhase section */

/* Begin PBXVariantGroup section */
		F676AA53204E3EFB00C8A700 /* Main.storyboard */ = {
			isa = PBXVariantGroup;
			children = (
				F676AA54204E3EFB00C8A700 /* Base */,
			);
			name = Main.storyboard;
			sourceTree = "<group>";
		};
		F676AA58204E3EFB00C8A700 /* LaunchScreen.storyboard */ = {
			isa = PBXVariantGroup;
			children = (
				F676AA59204E3EFB00C8A700 /* Base */,
			);
			name = LaunchScreen.storyboard;
			sourceTree = "<group>";
		};
/* End PBXVariantGroup section */

/* Begin XCBuildConfiguration section */
		F676AA5C204E3EFB00C8A700 /* Debug */ = {
			isa = XCBuildConfiguration;
			buildSettings = {
				ALWAYS_SEARCH_USER_PATHS = NO;
				CLANG_ANALYZER_NONNULL = YES;
				CLANG_ANALYZER_NUMBER_OBJECT_CONVERSION = YES_AGGRESSIVE;
				CLANG_CXX_LANGUAGE_STANDARD = "gnu++14";
				CLANG_CXX_LIBRARY = "libc++";
				CLANG_ENABLE_MODULES = YES;
				CLANG_ENABLE_OBJC_ARC = YES;
				CLANG_WARN_BLOCK_CAPTURE_AUTORELEASING = YES;
				CLANG_WARN_BOOL_CONVERSION = YES;
				CLANG_WARN_COMMA = YES;
				CLANG_WARN_CONSTANT_CONVERSION = YES;
				CLANG_WARN_DIRECT_OBJC_ISA_USAGE = YES_ERROR;
				CLANG_WARN_DOCUMENTATION_COMMENTS = YES;
				CLANG_WARN_EMPTY_BODY = YES;
				CLANG_WARN_ENUM_CONVERSION = YES;
				CLANG_WARN_INFINITE_RECURSION = YES;
				CLANG_WARN_INT_CONVERSION = YES;
				CLANG_WARN_NON_LITERAL_NULL_CONVERSION = YES;
				CLANG_WARN_OBJC_LITERAL_CONVERSION = YES;
				CLANG_WARN_OBJC_ROOT_CLASS = YES_ERROR;
				CLANG_WARN_RANGE_LOOP_ANALYSIS = YES;
				CLANG_WARN_STRICT_PROTOTYPES = YES;
				CLANG_WARN_SUSPICIOUS_MOVE = YES;
				CLANG_WARN_UNGUARDED_AVAILABILITY = YES_AGGRESSIVE;
				CLANG_WARN_UNREACHABLE_CODE = YES;
				CLANG_WARN__DUPLICATE_METHOD_MATCH = YES;
				CODE_SIGN_IDENTITY = "iPhone Developer";
				COPY_PHASE_STRIP = NO;
				DEBUG_INFORMATION_FORMAT = dwarf;
				ENABLE_STRICT_OBJC_MSGSEND = YES;
				ENABLE_TESTABILITY = YES;
				GCC_C_LANGUAGE_STANDARD = gnu11;
				GCC_DYNAMIC_NO_PIC = NO;
				GCC_NO_COMMON_BLOCKS = YES;
				GCC_OPTIMIZATION_LEVEL = 0;
				GCC_PREPROCESSOR_DEFINITIONS = (
					"DEBUG=1",
					"$(inherited)",
				);
				GCC_WARN_64_TO_32_BIT_CONVERSION = YES;
				GCC_WARN_ABOUT_RETURN_TYPE = YES_ERROR;
				GCC_WARN_UNDECLARED_SELECTOR = YES;
				GCC_WARN_UNINITIALIZED_AUTOS = YES_AGGRESSIVE;
				GCC_WARN_UNUSED_FUNCTION = YES;
				GCC_WARN_UNUSED_VARIABLE = YES;
				IPHONEOS_DEPLOYMENT_TARGET = 11.2;
				MTL_ENABLE_DEBUG_INFO = YES;
				ONLY_ACTIVE_ARCH = YES;
				SDKROOT = iphoneos;
				SWIFT_ACTIVE_COMPILATION_CONDITIONS = DEBUG;
				SWIFT_OPTIMIZATION_LEVEL = "-Onone";
			};
			name = Debug;
		};
		F676AA5D204E3EFB00C8A700 /* Release */ = {
			isa = XCBuildConfiguration;
			buildSettings = {
				ALWAYS_SEARCH_USER_PATHS = NO;
				CLANG_ANALYZER_NONNULL = YES;
				CLANG_ANALYZER_NUMBER_OBJECT_CONVERSION = YES_AGGRESSIVE;
				CLANG_CXX_LANGUAGE_STANDARD = "gnu++14";
				CLANG_CXX_LIBRARY = "libc++";
				CLANG_ENABLE_MODULES = YES;
				CLANG_ENABLE_OBJC_ARC = YES;
				CLANG_WARN_BLOCK_CAPTURE_AUTORELEASING = YES;
				CLANG_WARN_BOOL_CONVERSION = YES;
				CLANG_WARN_COMMA = YES;
				CLANG_WARN_CONSTANT_CONVERSION = YES;
				CLANG_WARN_DIRECT_OBJC_ISA_USAGE = YES_ERROR;
				CLANG_WARN_DOCUMENTATION_COMMENTS = YES;
				CLANG_WARN_EMPTY_BODY = YES;
				CLANG_WARN_ENUM_CONVERSION = YES;
				CLANG_WARN_INFINITE_RECURSION = YES;
				CLANG_WARN_INT_CONVERSION = YES;
				CLANG_WARN_NON_LITERAL_NULL_CONVERSION = YES;
				CLANG_WARN_OBJC_LITERAL_CONVERSION = YES;
				CLANG_WARN_OBJC_ROOT_CLASS = YES_ERROR;
				CLANG_WARN_RANGE_LOOP_ANALYSIS = YES;
				CLANG_WARN_STRICT_PROTOTYPES = YES;
				CLANG_WARN_SUSPICIOUS_MOVE = YES;
				CLANG_WARN_UNGUARDED_AVAILABILITY = YES_AGGRESSIVE;
				CLANG_WARN_UNREACHABLE_CODE = YES;
				CLANG_WARN__DUPLICATE_METHOD_MATCH = YES;
				CODE_SIGN_IDENTITY = "iPhone Developer";
				COPY_PHASE_STRIP = NO;
				DEBUG_INFORMATION_FORMAT = "dwarf-with-dsym";
				ENABLE_NS_ASSERTIONS = NO;
				ENABLE_STRICT_OBJC_MSGSEND = YES;
				GCC_C_LANGUAGE_STANDARD = gnu11;
				GCC_NO_COMMON_BLOCKS = YES;
				GCC_WARN_64_TO_32_BIT_CONVERSION = YES;
				GCC_WARN_ABOUT_RETURN_TYPE = YES_ERROR;
				GCC_WARN_UNDECLARED_SELECTOR = YES;
				GCC_WARN_UNINITIALIZED_AUTOS = YES_AGGRESSIVE;
				GCC_WARN_UNUSED_FUNCTION = YES;
				GCC_WARN_UNUSED_VARIABLE = YES;
				IPHONEOS_DEPLOYMENT_TARGET = 11.2;
				MTL_ENABLE_DEBUG_INFO = NO;
				SDKROOT = iphoneos;
				SWIFT_OPTIMIZATION_LEVEL = "-Owholemodule";
				VALIDATE_PRODUCT = YES;
			};
			name = Release;
		};
		F676AA5F204E3EFB00C8A700 /* Debug */ = {
			isa = XCBuildConfiguration;
			buildSettings = {
				ASSETCATALOG_COMPILER_APPICON_NAME = AppIcon;
				CODE_SIGN_STYLE = Automatic;
				DEVELOPMENT_TEAM = K62Y623GK6;
				INFOPLIST_FILE = "Ante-Up/Info.plist";
				LD_RUNPATH_SEARCH_PATHS = "$(inherited) @executable_path/Frameworks";
				PRODUCT_BUNDLE_IDENTIFIER = "e-bushi.Ante-Up";
				PRODUCT_NAME = "$(TARGET_NAME)";
				SWIFT_VERSION = 4.0;
				TARGETED_DEVICE_FAMILY = "1,2";
			};
			name = Debug;
		};
		F676AA60204E3EFB00C8A700 /* Release */ = {
			isa = XCBuildConfiguration;
			buildSettings = {
				ASSETCATALOG_COMPILER_APPICON_NAME = AppIcon;
				CODE_SIGN_STYLE = Automatic;
				DEVELOPMENT_TEAM = K62Y623GK6;
				INFOPLIST_FILE = "Ante-Up/Info.plist";
				LD_RUNPATH_SEARCH_PATHS = "$(inherited) @executable_path/Frameworks";
				PRODUCT_BUNDLE_IDENTIFIER = "e-bushi.Ante-Up";
				PRODUCT_NAME = "$(TARGET_NAME)";
				SWIFT_VERSION = 4.0;
				TARGETED_DEVICE_FAMILY = "1,2";
			};
			name = Release;
		};
/* End XCBuildConfiguration section */

/* Begin XCConfigurationList section */
		F676AA47204E3EFB00C8A700 /* Build configuration list for PBXProject "Ante-Up" */ = {
			isa = XCConfigurationList;
			buildConfigurations = (
				F676AA5C204E3EFB00C8A700 /* Debug */,
				F676AA5D204E3EFB00C8A700 /* Release */,
			);
			defaultConfigurationIsVisible = 0;
			defaultConfigurationName = Release;
		};
		F676AA5E204E3EFB00C8A700 /* Build configuration list for PBXNativeTarget "Ante-Up" */ = {
			isa = XCConfigurationList;
			buildConfigurations = (
				F676AA5F204E3EFB00C8A700 /* Debug */,
				F676AA60204E3EFB00C8A700 /* Release */,
			);
			defaultConfigurationIsVisible = 0;
			defaultConfigurationName = Release;
		};
/* End XCConfigurationList section */
	};
	rootObject = F676AA44204E3EFB00C8A700 /* Project object */;
}
